// !$*UTF8*$!
{
	archiveVersion = 1;
	classes = {
	};
	objectVersion = 46;
	objects = {

/* Begin PBXBuildFile section */
		1AAB2DD3188347B000AE9428 /* Icon.png in Resources */ = {isa = PBXBuildFile; fileRef = 1AAB2DD1188347B000AE9428 /* Icon.png */; };
		1AAB2DD4188347B000AE9428 /* Icon@2x.png in Resources */ = {isa = PBXBuildFile; fileRef = 1AAB2DD2188347B000AE9428 /* Icon@2x.png */; };
		1AFD341818833F41005A65BC /* Foundation.framework in Frameworks */ = {isa = PBXBuildFile; fileRef = 1AFD341718833F41005A65BC /* Foundation.framework */; };
		1AFD341A18833F41005A65BC /* CoreGraphics.framework in Frameworks */ = {isa = PBXBuildFile; fileRef = 1AFD341918833F41005A65BC /* CoreGraphics.framework */; };
		1AFD341C18833F41005A65BC /* UIKit.framework in Frameworks */ = {isa = PBXBuildFile; fileRef = 1AFD341B18833F41005A65BC /* UIKit.framework */; };
		1AFD342218833F41005A65BC /* InfoPlist.strings in Resources */ = {isa = PBXBuildFile; fileRef = 1AFD342018833F41005A65BC /* InfoPlist.strings */; };
		1AFD342418833F41005A65BC /* main.m in Sources */ = {isa = PBXBuildFile; fileRef = 1AFD342318833F41005A65BC /* main.m */; };
		1AFD342818833F41005A65BC /* AppDelegate.m in Sources */ = {isa = PBXBuildFile; fileRef = 1AFD342718833F41005A65BC /* AppDelegate.m */; };
		1AFD342A18833F41005A65BC /* Images.xcassets in Resources */ = {isa = PBXBuildFile; fileRef = 1AFD342918833F41005A65BC /* Images.xcassets */; };
		1AFD343118833F41005A65BC /* XCTest.framework in Frameworks */ = {isa = PBXBuildFile; fileRef = 1AFD343018833F41005A65BC /* XCTest.framework */; };
		1AFD343218833F41005A65BC /* Foundation.framework in Frameworks */ = {isa = PBXBuildFile; fileRef = 1AFD341718833F41005A65BC /* Foundation.framework */; };
		1AFD343318833F42005A65BC /* UIKit.framework in Frameworks */ = {isa = PBXBuildFile; fileRef = 1AFD341B18833F41005A65BC /* UIKit.framework */; };
		1AFD343B18833F42005A65BC /* InfoPlist.strings in Resources */ = {isa = PBXBuildFile; fileRef = 1AFD343918833F42005A65BC /* InfoPlist.strings */; };
		1AFD343D18833F42005A65BC /* RandomizerTests.m in Sources */ = {isa = PBXBuildFile; fileRef = 1AFD343C18833F42005A65BC /* RandomizerTests.m */; };
/* End PBXBuildFile section */

/* Begin PBXContainerItemProxy section */
		1AFD343418833F42005A65BC /* PBXContainerItemProxy */ = {
			isa = PBXContainerItemProxy;
			containerPortal = 1AFD340C18833F41005A65BC /* Project object */;
			proxyType = 1;
			remoteGlobalIDString = 1AFD341318833F41005A65BC;
			remoteInfo = Randomizer;
		};
/* End PBXContainerItemProxy section */

/* Begin PBXFileReference section */
		1AAB2DD1188347B000AE9428 /* Icon.png */ = {isa = PBXFileReference; lastKnownFileType = image.png; name = Icon.png; path = assets/images/Icon.png; sourceTree = "<group>"; };
		1AAB2DD2188347B000AE9428 /* Icon@2x.png */ = {isa = PBXFileReference; lastKnownFileType = image.png; name = "Icon@2x.png"; path = "assets/images/Icon@2x.png"; sourceTree = "<group>"; };
		1AFD341418833F41005A65BC /* Randomizer.app */ = {isa = PBXFileReference; explicitFileType = wrapper.application; includeInIndex = 0; path = Randomizer.app; sourceTree = BUILT_PRODUCTS_DIR; };
		1AFD341718833F41005A65BC /* Foundation.framework */ = {isa = PBXFileReference; lastKnownFileType = wrapper.framework; name = Foundation.framework; path = System/Library/Frameworks/Foundation.framework; sourceTree = SDKROOT; };
		1AFD341918833F41005A65BC /* CoreGraphics.framework */ = {isa = PBXFileReference; lastKnownFileType = wrapper.framework; name = CoreGraphics.framework; path = System/Library/Frameworks/CoreGraphics.framework; sourceTree = SDKROOT; };
		1AFD341B18833F41005A65BC /* UIKit.framework */ = {isa = PBXFileReference; lastKnownFileType = wrapper.framework; name = UIKit.framework; path = System/Library/Frameworks/UIKit.framework; sourceTree = SDKROOT; };
		1AFD341F18833F41005A65BC /* Randomizer-Info.plist */ = {isa = PBXFileReference; lastKnownFileType = text.plist.xml; path = "Randomizer-Info.plist"; sourceTree = "<group>"; };
		1AFD342118833F41005A65BC /* en */ = {isa = PBXFileReference; lastKnownFileType = text.plist.strings; name = en; path = en.lproj/InfoPlist.strings; sourceTree = "<group>"; };
		1AFD342318833F41005A65BC /* main.m */ = {isa = PBXFileReference; lastKnownFileType = sourcecode.c.objc; path = main.m; sourceTree = "<group>"; };
		1AFD342518833F41005A65BC /* Randomizer-Prefix.pch */ = {isa = PBXFileReference; lastKnownFileType = sourcecode.c.h; path = "Randomizer-Prefix.pch"; sourceTree = "<group>"; };
		1AFD342618833F41005A65BC /* AppDelegate.h */ = {isa = PBXFileReference; lastKnownFileType = sourcecode.c.h; path = AppDelegate.h; sourceTree = "<group>"; };
		1AFD342718833F41005A65BC /* AppDelegate.m */ = {isa = PBXFileReference; lastKnownFileType = sourcecode.c.objc; path = AppDelegate.m; sourceTree = "<group>"; };
		1AFD342918833F41005A65BC /* Images.xcassets */ = {isa = PBXFileReference; lastKnownFileType = folder.assetcatalog; path = Images.xcassets; sourceTree = "<group>"; };
		1AFD342F18833F41005A65BC /* RandomizerTests.xctest */ = {isa = PBXFileReference; explicitFileType = wrapper.cfbundle; includeInIndex = 0; path = RandomizerTests.xctest; sourceTree = BUILT_PRODUCTS_DIR; };
		1AFD343018833F41005A65BC /* XCTest.framework */ = {isa = PBXFileReference; lastKnownFileType = wrapper.framework; name = XCTest.framework; path = Library/Frameworks/XCTest.framework; sourceTree = DEVELOPER_DIR; };
		1AFD343818833F42005A65BC /* RandomizerTests-Info.plist */ = {isa = PBXFileReference; lastKnownFileType = text.plist.xml; path = "RandomizerTests-Info.plist"; sourceTree = "<group>"; };
		1AFD343A18833F42005A65BC /* en */ = {isa = PBXFileReference; lastKnownFileType = text.plist.strings; name = en; path = en.lproj/InfoPlist.strings; sourceTree = "<group>"; };
		1AFD343C18833F42005A65BC /* RandomizerTests.m */ = {isa = PBXFileReference; lastKnownFileType = sourcecode.c.objc; path = RandomizerTests.m; sourceTree = "<group>"; };
/* End PBXFileReference section */

/* Begin PBXFrameworksBuildPhase section */
		1AFD341118833F41005A65BC /* Frameworks */ = {
			isa = PBXFrameworksBuildPhase;
			buildActionMask = 2147483647;
			files = (
				1AFD341A18833F41005A65BC /* CoreGraphics.framework in Frameworks */,
				1AFD341C18833F41005A65BC /* UIKit.framework in Frameworks */,
				1AFD341818833F41005A65BC /* Foundation.framework in Frameworks */,
			);
			runOnlyForDeploymentPostprocessing = 0;
		};
		1AFD342C18833F41005A65BC /* Frameworks */ = {
			isa = PBXFrameworksBuildPhase;
			buildActionMask = 2147483647;
			files = (
				1AFD343118833F41005A65BC /* XCTest.framework in Frameworks */,
				1AFD343318833F42005A65BC /* UIKit.framework in Frameworks */,
				1AFD343218833F41005A65BC /* Foundation.framework in Frameworks */,
			);
			runOnlyForDeploymentPostprocessing = 0;
		};
/* End PBXFrameworksBuildPhase section */

/* Begin PBXGroup section */
		1AFD340B18833F41005A65BC = {
			isa = PBXGroup;
			children = (
				1AFD341D18833F41005A65BC /* Randomizer */,
				1AFD343618833F42005A65BC /* RandomizerTests */,
				1AFD341618833F41005A65BC /* Frameworks */,
				1AFD341518833F41005A65BC /* Products */,
			);
			sourceTree = "<group>";
		};
		1AFD341518833F41005A65BC /* Products */ = {
			isa = PBXGroup;
			children = (
				1AFD341418833F41005A65BC /* Randomizer.app */,
				1AFD342F18833F41005A65BC /* RandomizerTests.xctest */,
			);
			name = Products;
			sourceTree = "<group>";
		};
		1AFD341618833F41005A65BC /* Frameworks */ = {
			isa = PBXGroup;
			children = (
				1AFD341718833F41005A65BC /* Foundation.framework */,
				1AFD341918833F41005A65BC /* CoreGraphics.framework */,
				1AFD341B18833F41005A65BC /* UIKit.framework */,
				1AFD343018833F41005A65BC /* XCTest.framework */,
			);
			name = Frameworks;
			sourceTree = "<group>";
		};
		1AFD341D18833F41005A65BC /* Randomizer */ = {
			isa = PBXGroup;
			children = (
				1AFD344818834193005A65BC /* assets */,
				1AFD342618833F41005A65BC /* AppDelegate.h */,
				1AFD342718833F41005A65BC /* AppDelegate.m */,
				1AFD342918833F41005A65BC /* Images.xcassets */,
				1AFD341E18833F41005A65BC /* Supporting Files */,
			);
			path = Randomizer;
			sourceTree = "<group>";
		};
		1AFD341E18833F41005A65BC /* Supporting Files */ = {
			isa = PBXGroup;
			children = (
				1AFD341F18833F41005A65BC /* Randomizer-Info.plist */,
				1AFD342018833F41005A65BC /* InfoPlist.strings */,
				1AFD342318833F41005A65BC /* main.m */,
				1AFD342518833F41005A65BC /* Randomizer-Prefix.pch */,
			);
			name = "Supporting Files";
			sourceTree = "<group>";
		};
		1AFD343618833F42005A65BC /* RandomizerTests */ = {
			isa = PBXGroup;
			children = (
				1AFD343C18833F42005A65BC /* RandomizerTests.m */,
				1AFD343718833F42005A65BC /* Supporting Files */,
			);
			path = RandomizerTests;
			sourceTree = "<group>";
		};
		1AFD343718833F42005A65BC /* Supporting Files */ = {
			isa = PBXGroup;
			children = (
				1AFD343818833F42005A65BC /* RandomizerTests-Info.plist */,
				1AFD343918833F42005A65BC /* InfoPlist.strings */,
			);
			name = "Supporting Files";
			sourceTree = "<group>";
		};
		1AFD344818834193005A65BC /* assets */ = {
			isa = PBXGroup;
			children = (
				1AFD34491883419B005A65BC /* images */,
			);
			name = assets;
			sourceTree = "<group>";
		};
		1AFD34491883419B005A65BC /* images */ = {
			isa = PBXGroup;
			children = (
				1AAB2DD1188347B000AE9428 /* Icon.png */,
				1AAB2DD2188347B000AE9428 /* Icon@2x.png */,
			);
			name = images;
			sourceTree = "<group>";
		};
/* End PBXGroup section */

/* Begin PBXNativeTarget section */
		1AFD341318833F41005A65BC /* Randomizer */ = {
			isa = PBXNativeTarget;
			buildConfigurationList = 1AFD344018833F42005A65BC /* Build configuration list for PBXNativeTarget "Randomizer" */;
			buildPhases = (
				1AFD341018833F41005A65BC /* Sources */,
				1AFD341118833F41005A65BC /* Frameworks */,
				1AFD341218833F41005A65BC /* Resources */,
			);
			buildRules = (
			);
			dependencies = (
			);
			name = Randomizer;
			productName = Randomizer;
			productReference = 1AFD341418833F41005A65BC /* Randomizer.app */;
			productType = "com.apple.product-type.application";
		};
		1AFD342E18833F41005A65BC /* RandomizerTests */ = {
			isa = PBXNativeTarget;
			buildConfigurationList = 1AFD344318833F42005A65BC /* Build configuration list for PBXNativeTarget "RandomizerTests" */;
			buildPhases = (
				1AFD342B18833F41005A65BC /* Sources */,
				1AFD342C18833F41005A65BC /* Frameworks */,
				1AFD342D18833F41005A65BC /* Resources */,
			);
			buildRules = (
			);
			dependencies = (
				1AFD343518833F42005A65BC /* PBXTargetDependency */,
			);
			name = RandomizerTests;
			productName = RandomizerTests;
			productReference = 1AFD342F18833F41005A65BC /* RandomizerTests.xctest */;
			productType = "com.apple.product-type.bundle.unit-test";
		};
/* End PBXNativeTarget section */

/* Begin PBXProject section */
		1AFD340C18833F41005A65BC /* Project object */ = {
			isa = PBXProject;
			attributes = {
				LastUpgradeCheck = 0500;
				ORGANIZATIONNAME = ThinkingWhileTrue;
				TargetAttributes = {
					1AFD342E18833F41005A65BC = {
						TestTargetID = 1AFD341318833F41005A65BC;
					};
				};
			};
			buildConfigurationList = 1AFD340F18833F41005A65BC /* Build configuration list for PBXProject "Randomizer" */;
			compatibilityVersion = "Xcode 3.2";
			developmentRegion = English;
			hasScannedForEncodings = 0;
			knownRegions = (
				en,
			);
			mainGroup = 1AFD340B18833F41005A65BC;
			productRefGroup = 1AFD341518833F41005A65BC /* Products */;
			projectDirPath = "";
			projectRoot = "";
			targets = (
				1AFD341318833F41005A65BC /* Randomizer */,
				1AFD342E18833F41005A65BC /* RandomizerTests */,
			);
		};
/* End PBXProject section */

/* Begin PBXResourcesBuildPhase section */
		1AFD341218833F41005A65BC /* Resources */ = {
			isa = PBXResourcesBuildPhase;
			buildActionMask = 2147483647;
			files = (
				1AAB2DD3188347B000AE9428 /* Icon.png in Resources */,
				1AAB2DD4188347B000AE9428 /* Icon@2x.png in Resources */,
				1AFD342218833F41005A65BC /* InfoPlist.strings in Resources */,
				1AFD342A18833F41005A65BC /* Images.xcassets in Resources */,
			);
			runOnlyForDeploymentPostprocessing = 0;
		};
		1AFD342D18833F41005A65BC /* Resources */ = {
			isa = PBXResourcesBuildPhase;
			buildActionMask = 2147483647;
			files = (
				1AFD343B18833F42005A65BC /* InfoPlist.strings in Resources */,
			);
			runOnlyForDeploymentPostprocessing = 0;
		};
/* End PBXResourcesBuildPhase section */

/* Begin PBXSourcesBuildPhase section */
		1AFD341018833F41005A65BC /* Sources */ = {
			isa = PBXSourcesBuildPhase;
			buildActionMask = 2147483647;
			files = (
				1AFD342818833F41005A65BC /* AppDelegate.m in Sources */,
				1AFD342418833F41005A65BC /* main.m in Sources */,
			);
			runOnlyForDeploymentPostprocessing = 0;
		};
		1AFD342B18833F41005A65BC /* Sources */ = {
			isa = PBXSourcesBuildPhase;
			buildActionMask = 2147483647;
			files = (
				1AFD343D18833F42005A65BC /* RandomizerTests.m in Sources */,
			);
			runOnlyForDeploymentPostprocessing = 0;
		};
/* End PBXSourcesBuildPhase section */

/* Begin PBXTargetDependency section */
		1AFD343518833F42005A65BC /* PBXTargetDependency */ = {
			isa = PBXTargetDependency;
			target = 1AFD341318833F41005A65BC /* Randomizer */;
			targetProxy = 1AFD343418833F42005A65BC /* PBXContainerItemProxy */;
		};
/* End PBXTargetDependency section */

/* Begin PBXVariantGroup section */
		1AFD342018833F41005A65BC /* InfoPlist.strings */ = {
			isa = PBXVariantGroup;
			children = (
				1AFD342118833F41005A65BC /* en */,
			);
			name = InfoPlist.strings;
			sourceTree = "<group>";
		};
		1AFD343918833F42005A65BC /* InfoPlist.strings */ = {
			isa = PBXVariantGroup;
			children = (
				1AFD343A18833F42005A65BC /* en */,
			);
			name = InfoPlist.strings;
			sourceTree = "<group>";
		};
/* End PBXVariantGroup section */

/* Begin XCBuildConfiguration section */
		1AFD343E18833F42005A65BC /* Debug */ = {
			isa = XCBuildConfiguration;
			buildSettings = {
				ALWAYS_SEARCH_USER_PATHS = NO;
				ARCHS = "$(ARCHS_STANDARD_INCLUDING_64_BIT)";
				CLANG_CXX_LANGUAGE_STANDARD = "gnu++0x";
				CLANG_CXX_LIBRARY = "libc++";
				CLANG_ENABLE_MODULES = YES;
				CLANG_ENABLE_OBJC_ARC = YES;
				CLANG_WARN_BOOL_CONVERSION = YES;
				CLANG_WARN_CONSTANT_CONVERSION = YES;
				CLANG_WARN_DIRECT_OBJC_ISA_USAGE = YES_ERROR;
				CLANG_WARN_EMPTY_BODY = YES;
				CLANG_WARN_ENUM_CONVERSION = YES;
				CLANG_WARN_INT_CONVERSION = YES;
				CLANG_WARN_OBJC_ROOT_CLASS = YES_ERROR;
				CLANG_WARN__DUPLICATE_METHOD_MATCH = YES;
				"CODE_SIGN_IDENTITY[sdk=iphoneos*]" = "iPhone Developer";
				COPY_PHASE_STRIP = NO;
				GCC_C_LANGUAGE_STANDARD = gnu99;
				GCC_DYNAMIC_NO_PIC = NO;
				GCC_OPTIMIZATION_LEVEL = 0;
				GCC_PREPROCESSOR_DEFINITIONS = (
					"DEBUG=1",
					"$(inherited)",
				);
				GCC_SYMBOLS_PRIVATE_EXTERN = NO;
				GCC_WARN_64_TO_32_BIT_CONVERSION = YES;
				GCC_WARN_ABOUT_RETURN_TYPE = YES_ERROR;
				GCC_WARN_UNDECLARED_SELECTOR = YES;
				GCC_WARN_UNINITIALIZED_AUTOS = YES;
				GCC_WARN_UNUSED_FUNCTION = YES;
				GCC_WARN_UNUSED_VARIABLE = YES;
				IPHONEOS_DEPLOYMENT_TARGET = 7.0;
				ONLY_ACTIVE_ARCH = YES;
				SDKROOT = iphoneos;
			};
			name = Debug;
		};
		1AFD343F18833F42005A65BC /* Release */ = {
			isa = XCBuildConfiguration;
			buildSettings = {
				ALWAYS_SEARCH_USER_PATHS = NO;
				ARCHS = "$(ARCHS_STANDARD_INCLUDING_64_BIT)";
				CLANG_CXX_LANGUAGE_STANDARD = "gnu++0x";
				CLANG_CXX_LIBRARY = "libc++";
				CLANG_ENABLE_MODULES = YES;
				CLANG_ENABLE_OBJC_ARC = YES;
				CLANG_WARN_BOOL_CONVERSION = YES;
				CLANG_WARN_CONSTANT_CONVERSION = YES;
				CLANG_WARN_DIRECT_OBJC_ISA_USAGE = YES_ERROR;
				CLANG_WARN_EMPTY_BODY = YES;
				CLANG_WARN_ENUM_CONVERSION = YES;
				CLANG_WARN_INT_CONVERSION = YES;
				CLANG_WARN_OBJC_ROOT_CLASS = YES_ERROR;
				CLANG_WARN__DUPLICATE_METHOD_MATCH = YES;
				"CODE_SIGN_IDENTITY[sdk=iphoneos*]" = "iPhone Developer";
				COPY_PHASE_STRIP = YES;
				ENABLE_NS_ASSERTIONS = NO;
				GCC_C_LANGUAGE_STANDARD = gnu99;
				GCC_WARN_64_TO_32_BIT_CONVERSION = YES;
				GCC_WARN_ABOUT_RETURN_TYPE = YES_ERROR;
				GCC_WARN_UNDECLARED_SELECTOR = YES;
				GCC_WARN_UNINITIALIZED_AUTOS = YES;
				GCC_WARN_UNUSED_FUNCTION = YES;
				GCC_WARN_UNUSED_VARIABLE = YES;
				IPHONEOS_DEPLOYMENT_TARGET = 7.0;
				SDKROOT = iphoneos;
				VALIDATE_PRODUCT = YES;
			};
			name = Release;
		};
		1AFD344118833F42005A65BC /* Debug */ = {
			isa = XCBuildConfiguration;
			buildSettings = {
				ASSETCATALOG_COMPILER_LAUNCHIMAGE_NAME = LaunchImage;
				GCC_PRECOMPILE_PREFIX_HEADER = YES;
				GCC_PREFIX_HEADER = "Randomizer/Randomizer-Prefix.pch";
				INFOPLIST_FILE = "Randomizer/Randomizer-Info.plist";
				IPHONEOS_DEPLOYMENT_TARGET = 7.0;
				PRODUCT_NAME = "$(TARGET_NAME)";
				TARGETED_DEVICE_FAMILY = "1,2";
				WRAPPER_EXTENSION = app;
			};
			name = Debug;
		};
		1AFD344218833F42005A65BC /* Release */ = {
			isa = XCBuildConfiguration;
			buildSettings = {
				ASSETCATALOG_COMPILER_LAUNCHIMAGE_NAME = LaunchImage;
				GCC_PRECOMPILE_PREFIX_HEADER = YES;
				GCC_PREFIX_HEADER = "Randomizer/Randomizer-Prefix.pch";
				INFOPLIST_FILE = "Randomizer/Randomizer-Info.plist";
				IPHONEOS_DEPLOYMENT_TARGET = 7.0;
				PRODUCT_NAME = "$(TARGET_NAME)";
				TARGETED_DEVICE_FAMILY = "1,2";
				WRAPPER_EXTENSION = app;
			};
			name = Release;
		};
		1AFD344418833F42005A65BC /* Debug */ = {
			isa = XCBuildConfiguration;
			buildSettings = {
				ARCHS = "$(ARCHS_STANDARD_INCLUDING_64_BIT)";
				BUNDLE_LOADER = "$(BUILT_PRODUCTS_DIR)/Randomizer.app/Randomizer";
				FRAMEWORK_SEARCH_PATHS = (
					"$(SDKROOT)/Developer/Library/Frameworks",
					"$(inherited)",
					"$(DEVELOPER_FRAMEWORKS_DIR)",
				);
				GCC_PRECOMPILE_PREFIX_HEADER = YES;
				GCC_PREFIX_HEADER = "Randomizer/Randomizer-Prefix.pch";
				GCC_PREPROCESSOR_DEFINITIONS = (
					"DEBUG=1",
					"$(inherited)",
				);
				INFOPLIST_FILE = "RandomizerTests/RandomizerTests-Info.plist";
				PRODUCT_NAME = "$(TARGET_NAME)";
				TEST_HOST = "$(BUNDLE_LOADER)";
				WRAPPER_EXTENSION = xctest;
			};
			name = Debug;
		};
		1AFD344518833F42005A65BC /* Release */ = {
			isa = XCBuildConfiguration;
			buildSettings = {
				ARCHS = "$(ARCHS_STANDARD_INCLUDING_64_BIT)";
				BUNDLE_LOADER = "$(BUILT_PRODUCTS_DIR)/Randomizer.app/Randomizer";
				FRAMEWORK_SEARCH_PATHS = (
					"$(SDKROOT)/Developer/Library/Frameworks",
					"$(inherited)",
					"$(DEVELOPER_FRAMEWORKS_DIR)",
				);
				GCC_PRECOMPILE_PREFIX_HEADER = YES;
				GCC_PREFIX_HEADER = "Randomizer/Randomizer-Prefix.pch";
				INFOPLIST_FILE = "RandomizerTests/RandomizerTests-Info.plist";
				PRODUCT_NAME = "$(TARGET_NAME)";
				TEST_HOST = "$(BUNDLE_LOADER)";
				WRAPPER_EXTENSION = xctest;
			};
			name = Release;
		};
/* End XCBuildConfiguration section */

/* Begin XCConfigurationList section */
		1AFD340F18833F41005A65BC /* Build configuration list for PBXProject "Randomizer" */ = {
			isa = XCConfigurationList;
			buildConfigurations = (
				1AFD343E18833F42005A65BC /* Debug */,
				1AFD343F18833F42005A65BC /* Release */,
			);
			defaultConfigurationIsVisible = 0;
			defaultConfigurationName = Release;
		};
		1AFD344018833F42005A65BC /* Build configuration list for PBXNativeTarget "Randomizer" */ = {
			isa = XCConfigurationList;
			buildConfigurations = (
				1AFD344118833F42005A65BC /* Debug */,
				1AFD344218833F42005A65BC /* Release */,
			);
			defaultConfigurationIsVisible = 0;
			defaultConfigurationName = Release;
		};
		1AFD344318833F42005A65BC /* Build configuration list for PBXNativeTarget "RandomizerTests" */ = {
			isa = XCConfigurationList;
			buildConfigurations = (
				1AFD344418833F42005A65BC /* Debug */,
				1AFD344518833F42005A65BC /* Release */,
			);
			defaultConfigurationIsVisible = 0;
			defaultConfigurationName = Release;
		};
/* End XCConfigurationList section */
	};
	rootObject = 1AFD340C18833F41005A65BC /* Project object */;
}
